
Microsoft Visual Studio Solution File, Format Version 12.00
# Visual Studio 15
VisualStudioVersion = 15.0.28307.329
MinimumVisualStudioVersion = 10.0.40219.1
Project("{FAE04EC0-301F-11D3-BF4B-00C04F79EFBC}") = "aws-iot-http-sigv4-dotnet-app", "aws-iot-http-sigv4-dotnet-app\aws-iot-http-sigv4-dotnet-app.csproj", "{9AB22B59-89EC-4D96-BB8D-1B5C3F503C38}"
EndProject
Global
	GlobalSection(SolutionConfigurationPlatforms) = preSolution
		Debug|Any CPU = Debug|Any CPU
		Release|Any CPU = Release|Any CPU
	EndGlobalSection
	GlobalSection(ProjectConfigurationPlatforms) = postSolution
		{9AB22B59-89EC-4D96-BB8D-1B5C3F503C38}.Debug|Any CPU.ActiveCfg = Debug|Any CPU
		{9AB22B59-89EC-4D96-BB8D-1B5C3F503C38}.Debug|Any CPU.Build.0 = Debug|Any CPU
		{9AB22B59-89EC-4D96-BB8D-1B5C3F503C38}.Release|Any CPU.ActiveCfg = Release|Any CPU
		{9AB22B59-89EC-4D96-BB8D-1B5C3F503C38}.Release|Any CPU.Build.0 = Release|Any CPU
	EndGlobalSection
	GlobalSection(SolutionProperties) = preSolution
		HideSolutionNode = FALSE
	EndGlobalSection
	GlobalSection(ExtensibilityGlobals) = postSolution
		SolutionGuid = {2CC6607C-37E5-49C6-989F-D71F29A29CA3}
	EndGlobalSection
EndGlobal
